
Microsoft Visual Studio Solution File, Format Version 12.00
# Visual Studio Version 17
VisualStudioVersion = 17.3.32825.248
MinimumVisualStudioVersion = 10.0.40219.1
Project("{9A19103F-16F7-4668-BE54-9A1E7A4F7556}") = "Iterator", "Iterator\Iterator.csproj", "{F2393843-A2CE-4796-B83C-D616674AAEE4}"
EndProject
Project("{9A19103F-16F7-4668-BE54-9A1E7A4F7556}") = "Menu(lab8)", "Menu(lab8)\Menu(lab8).csproj", "{704F9806-5B12-4C38-98B3-BA4696978D58}"
EndProject
Project("{2150E333-8FDC-42A3-9474-1A3956D46DE8}") = "Элементы решения", "Элементы решения", "{01ACEDDF-EFE8-4DCC-8B29-FBC07DFAE07C}"
	ProjectSection(SolutionItems) = preProject
		.gitignore = .gitignore
	EndProjectSection
EndProject
Global
	GlobalSection(SolutionConfigurationPlatforms) = preSolution
		Debug|Any CPU = Debug|Any CPU
		Release|Any CPU = Release|Any CPU
	EndGlobalSection
	GlobalSection(ProjectConfigurationPlatforms) = postSolution
		{F2393843-A2CE-4796-B83C-D616674AAEE4}.Debug|Any CPU.ActiveCfg = Debug|Any CPU
		{F2393843-A2CE-4796-B83C-D616674AAEE4}.Debug|Any CPU.Build.0 = Debug|Any CPU
		{F2393843-A2CE-4796-B83C-D616674AAEE4}.Release|Any CPU.ActiveCfg = Release|Any CPU
		{F2393843-A2CE-4796-B83C-D616674AAEE4}.Release|Any CPU.Build.0 = Release|Any CPU
		{704F9806-5B12-4C38-98B3-BA4696978D58}.Debug|Any CPU.ActiveCfg = Debug|Any CPU
		{704F9806-5B12-4C38-98B3-BA4696978D58}.Debug|Any CPU.Build.0 = Debug|Any CPU
		{704F9806-5B12-4C38-98B3-BA4696978D58}.Release|Any CPU.ActiveCfg = Release|Any CPU
		{704F9806-5B12-4C38-98B3-BA4696978D58}.Release|Any CPU.Build.0 = Release|Any CPU
	EndGlobalSection
	GlobalSection(SolutionProperties) = preSolution
		HideSolutionNode = FALSE
	EndGlobalSection
	GlobalSection(ExtensibilityGlobals) = postSolution
		SolutionGuid = {EDDC7F56-BCFD-412F-B55A-D1ACE6DD4F6C}
	EndGlobalSection
EndGlobal
